
Microsoft Visual Studio Solution File, Format Version 12.00
# Visual Studio Version 16
VisualStudioVersion = 16.0.29102.190
MinimumVisualStudioVersion = 10.0.40219.1
Project("{FAE04EC0-301F-11D3-BF4B-00C04F79EFBC}") = "CadastroDeLanches", "CadastroDeLanches.csproj", "{D4FFBCCC-5CA9-450E-856F-4E13D90205E9}"
EndProject
Global
	GlobalSection(SolutionConfigurationPlatforms) = preSolution
		Debug|Any CPU = Debug|Any CPU
		Release|Any CPU = Release|Any CPU
	EndGlobalSection
	GlobalSection(ProjectConfigurationPlatforms) = postSolution
		{D4FFBCCC-5CA9-450E-856F-4E13D90205E9}.Debug|Any CPU.ActiveCfg = Debug|Any CPU
		{D4FFBCCC-5CA9-450E-856F-4E13D90205E9}.Debug|Any CPU.Build.0 = Debug|Any CPU
		{D4FFBCCC-5CA9-450E-856F-4E13D90205E9}.Release|Any CPU.ActiveCfg = Release|Any CPU
		{D4FFBCCC-5CA9-450E-856F-4E13D90205E9}.Release|Any CPU.Build.0 = Release|Any CPU
	EndGlobalSection
	GlobalSection(SolutionProperties) = preSolution
		HideSolutionNode = FALSE
	EndGlobalSection
	GlobalSection(ExtensibilityGlobals) = postSolution
		SolutionGuid = {9FD5391E-FAD0-4657-A827-04490EC6A78C}
	EndGlobalSection
EndGlobal
