
Microsoft Visual Studio Solution File, Format Version 12.00
# Visual Studio Version 16
VisualStudioVersion = 16.0.29020.237
MinimumVisualStudioVersion = 10.0.40219.1
Project("{FAE04EC0-301F-11D3-BF4B-00C04F79EFBC}") = "program 1", "program 1.csproj", "{AE51C513-AAEC-4CEA-B8E9-947EF85702FB}"
EndProject
Global
	GlobalSection(SolutionConfigurationPlatforms) = preSolution
		Debug|Any CPU = Debug|Any CPU
		Release|Any CPU = Release|Any CPU
	EndGlobalSection
	GlobalSection(ProjectConfigurationPlatforms) = postSolution
		{AE51C513-AAEC-4CEA-B8E9-947EF85702FB}.Debug|Any CPU.ActiveCfg = Debug|Any CPU
		{AE51C513-AAEC-4CEA-B8E9-947EF85702FB}.Debug|Any CPU.Build.0 = Debug|Any CPU
		{AE51C513-AAEC-4CEA-B8E9-947EF85702FB}.Release|Any CPU.ActiveCfg = Release|Any CPU
		{AE51C513-AAEC-4CEA-B8E9-947EF85702FB}.Release|Any CPU.Build.0 = Release|Any CPU
	EndGlobalSection
	GlobalSection(SolutionProperties) = preSolution
		HideSolutionNode = FALSE
	EndGlobalSection
	GlobalSection(ExtensibilityGlobals) = postSolution
		SolutionGuid = {E4D9E4B2-1486-4E52-B80A-02A860132CB6}
	EndGlobalSection
EndGlobal
