
Microsoft Visual Studio Solution File, Format Version 12.00
# Visual Studio Version 16
VisualStudioVersion = 16.0.29102.190
MinimumVisualStudioVersion = 10.0.40219.1
Project("{FAE04EC0-301F-11D3-BF4B-00C04F79EFBC}") = "MyFirstWPF", "MyFirstWPF.csproj", "{ED44ACFE-E1CD-4238-99A8-E9986D87E51C}"
EndProject
Global
	GlobalSection(SolutionConfigurationPlatforms) = preSolution
		Debug|Any CPU = Debug|Any CPU
		Release|Any CPU = Release|Any CPU
	EndGlobalSection
	GlobalSection(ProjectConfigurationPlatforms) = postSolution
		{ED44ACFE-E1CD-4238-99A8-E9986D87E51C}.Debug|Any CPU.ActiveCfg = Debug|Any CPU
		{ED44ACFE-E1CD-4238-99A8-E9986D87E51C}.Debug|Any CPU.Build.0 = Debug|Any CPU
		{ED44ACFE-E1CD-4238-99A8-E9986D87E51C}.Release|Any CPU.ActiveCfg = Release|Any CPU
		{ED44ACFE-E1CD-4238-99A8-E9986D87E51C}.Release|Any CPU.Build.0 = Release|Any CPU
	EndGlobalSection
	GlobalSection(SolutionProperties) = preSolution
		HideSolutionNode = FALSE
	EndGlobalSection
	GlobalSection(ExtensibilityGlobals) = postSolution
		SolutionGuid = {4C39F3F4-D0FA-410A-A846-E511ECBBD158}
	EndGlobalSection
EndGlobal
