
Microsoft Visual Studio Solution File, Format Version 12.00
# Visual Studio Version 16
VisualStudioVersion = 16.0.29102.190
MinimumVisualStudioVersion = 10.0.40219.1
Project("{FAE04EC0-301F-11D3-BF4B-00C04F79EFBC}") = "WindowsFormGridView", "WindowsFormGridView.csproj", "{32BA96EF-AA54-4A9A-B283-9F6932131439}"
EndProject
Global
	GlobalSection(SolutionConfigurationPlatforms) = preSolution
		Debug|Any CPU = Debug|Any CPU
		Release|Any CPU = Release|Any CPU
	EndGlobalSection
	GlobalSection(ProjectConfigurationPlatforms) = postSolution
		{32BA96EF-AA54-4A9A-B283-9F6932131439}.Debug|Any CPU.ActiveCfg = Debug|Any CPU
		{32BA96EF-AA54-4A9A-B283-9F6932131439}.Debug|Any CPU.Build.0 = Debug|Any CPU
		{32BA96EF-AA54-4A9A-B283-9F6932131439}.Release|Any CPU.ActiveCfg = Release|Any CPU
		{32BA96EF-AA54-4A9A-B283-9F6932131439}.Release|Any CPU.Build.0 = Release|Any CPU
	EndGlobalSection
	GlobalSection(SolutionProperties) = preSolution
		HideSolutionNode = FALSE
	EndGlobalSection
	GlobalSection(ExtensibilityGlobals) = postSolution
		SolutionGuid = {898AE1C4-8B64-4F69-BA7E-BE7034D29129}
	EndGlobalSection
EndGlobal
