
Microsoft Visual Studio Solution File, Format Version 12.00
# Visual Studio Version 16
VisualStudioVersion = 16.0.29102.190
MinimumVisualStudioVersion = 10.0.40219.1
Project("{FAE04EC0-301F-11D3-BF4B-00C04F79EFBC}") = "Treino de sabado", "Treino de sabado.csproj", "{E1059C61-A193-4627-BA23-62A3F81D8FDB}"
EndProject
Global
	GlobalSection(SolutionConfigurationPlatforms) = preSolution
		Debug|Any CPU = Debug|Any CPU
		Release|Any CPU = Release|Any CPU
	EndGlobalSection
	GlobalSection(ProjectConfigurationPlatforms) = postSolution
		{E1059C61-A193-4627-BA23-62A3F81D8FDB}.Debug|Any CPU.ActiveCfg = Debug|Any CPU
		{E1059C61-A193-4627-BA23-62A3F81D8FDB}.Debug|Any CPU.Build.0 = Debug|Any CPU
		{E1059C61-A193-4627-BA23-62A3F81D8FDB}.Release|Any CPU.ActiveCfg = Release|Any CPU
		{E1059C61-A193-4627-BA23-62A3F81D8FDB}.Release|Any CPU.Build.0 = Release|Any CPU
	EndGlobalSection
	GlobalSection(SolutionProperties) = preSolution
		HideSolutionNode = FALSE
	EndGlobalSection
	GlobalSection(ExtensibilityGlobals) = postSolution
		SolutionGuid = {04AF6CA9-54C9-4EDC-861C-3E936077112D}
	EndGlobalSection
EndGlobal
