
Microsoft Visual Studio Solution File, Format Version 12.00
# Visual Studio Version 16
VisualStudioVersion = 16.0.29102.190
MinimumVisualStudioVersion = 10.0.40219.1
Project("{FAE04EC0-301F-11D3-BF4B-00C04F79EFBC}") = "Escola", "Escola.csproj", "{3F2F0E28-A5A4-4CA7-9169-53C77E4C7B2E}"
EndProject
Global
	GlobalSection(SolutionConfigurationPlatforms) = preSolution
		Debug|Any CPU = Debug|Any CPU
		Release|Any CPU = Release|Any CPU
	EndGlobalSection
	GlobalSection(ProjectConfigurationPlatforms) = postSolution
		{3F2F0E28-A5A4-4CA7-9169-53C77E4C7B2E}.Debug|Any CPU.ActiveCfg = Debug|Any CPU
		{3F2F0E28-A5A4-4CA7-9169-53C77E4C7B2E}.Debug|Any CPU.Build.0 = Debug|Any CPU
		{3F2F0E28-A5A4-4CA7-9169-53C77E4C7B2E}.Release|Any CPU.ActiveCfg = Release|Any CPU
		{3F2F0E28-A5A4-4CA7-9169-53C77E4C7B2E}.Release|Any CPU.Build.0 = Release|Any CPU
	EndGlobalSection
	GlobalSection(SolutionProperties) = preSolution
		HideSolutionNode = FALSE
	EndGlobalSection
	GlobalSection(ExtensibilityGlobals) = postSolution
		SolutionGuid = {49016A18-0E61-4014-A31A-332DECD03F21}
	EndGlobalSection
EndGlobal
