
Microsoft Visual Studio Solution File, Format Version 12.00
# Visual Studio Version 16
VisualStudioVersion = 16.0.29123.88
MinimumVisualStudioVersion = 10.0.40219.1
Project("{FAE04EC0-301F-11D3-BF4B-00C04F79EFBC}") = "UsandoCLasseAnimal", "UsandoCLasseAnimal.csproj", "{486C0216-F2E1-4731-BFCC-394D52DFEA7E}"
EndProject
Global
	GlobalSection(SolutionConfigurationPlatforms) = preSolution
		Debug|Any CPU = Debug|Any CPU
		Release|Any CPU = Release|Any CPU
	EndGlobalSection
	GlobalSection(ProjectConfigurationPlatforms) = postSolution
		{486C0216-F2E1-4731-BFCC-394D52DFEA7E}.Debug|Any CPU.ActiveCfg = Debug|Any CPU
		{486C0216-F2E1-4731-BFCC-394D52DFEA7E}.Debug|Any CPU.Build.0 = Debug|Any CPU
		{486C0216-F2E1-4731-BFCC-394D52DFEA7E}.Release|Any CPU.ActiveCfg = Release|Any CPU
		{486C0216-F2E1-4731-BFCC-394D52DFEA7E}.Release|Any CPU.Build.0 = Release|Any CPU
	EndGlobalSection
	GlobalSection(SolutionProperties) = preSolution
		HideSolutionNode = FALSE
	EndGlobalSection
	GlobalSection(ExtensibilityGlobals) = postSolution
		SolutionGuid = {E848A551-EDC5-4AFA-B3ED-42D41E00D8B7}
	EndGlobalSection
EndGlobal
