
Microsoft Visual Studio Solution File, Format Version 12.00
# Visual Studio Version 16
VisualStudioVersion = 16.0.29102.190
MinimumVisualStudioVersion = 10.0.40219.1
Project("{FAE04EC0-301F-11D3-BF4B-00C04F79EFBC}") = "BibliotecaBoletinEscolar", "BibliotecaBoletinEscolar.csproj", "{AB1246DF-5014-4D33-A91B-79B2E22A599B}"
EndProject
Project("{FAE04EC0-301F-11D3-BF4B-00C04F79EFBC}") = "UsandoBiblioBoletim", "..\UsandoBiblioBoletim\UsandoBiblioBoletim.csproj", "{21A1A63C-5BA3-4675-B87C-43F998CF3D56}"
EndProject
Global
	GlobalSection(SolutionConfigurationPlatforms) = preSolution
		Debug|Any CPU = Debug|Any CPU
		Release|Any CPU = Release|Any CPU
	EndGlobalSection
	GlobalSection(ProjectConfigurationPlatforms) = postSolution
		{AB1246DF-5014-4D33-A91B-79B2E22A599B}.Debug|Any CPU.ActiveCfg = Debug|Any CPU
		{AB1246DF-5014-4D33-A91B-79B2E22A599B}.Debug|Any CPU.Build.0 = Debug|Any CPU
		{AB1246DF-5014-4D33-A91B-79B2E22A599B}.Release|Any CPU.ActiveCfg = Release|Any CPU
		{AB1246DF-5014-4D33-A91B-79B2E22A599B}.Release|Any CPU.Build.0 = Release|Any CPU
		{21A1A63C-5BA3-4675-B87C-43F998CF3D56}.Debug|Any CPU.ActiveCfg = Debug|Any CPU
		{21A1A63C-5BA3-4675-B87C-43F998CF3D56}.Debug|Any CPU.Build.0 = Debug|Any CPU
		{21A1A63C-5BA3-4675-B87C-43F998CF3D56}.Release|Any CPU.ActiveCfg = Release|Any CPU
		{21A1A63C-5BA3-4675-B87C-43F998CF3D56}.Release|Any CPU.Build.0 = Release|Any CPU
	EndGlobalSection
	GlobalSection(SolutionProperties) = preSolution
		HideSolutionNode = FALSE
	EndGlobalSection
	GlobalSection(ExtensibilityGlobals) = postSolution
		SolutionGuid = {38C92B15-1998-45E7-904F-8BAF3280201F}
	EndGlobalSection
EndGlobal
