
Microsoft Visual Studio Solution File, Format Version 12.00
# Visual Studio Version 16
VisualStudioVersion = 16.0.29102.190
MinimumVisualStudioVersion = 10.0.40219.1
Project("{FAE04EC0-301F-11D3-BF4B-00C04F79EFBC}") = "WebApplication1", "WebApplication1.csproj", "{C49BF39C-0378-49EE-8662-3B4F064E4E7B}"
EndProject
Global
	GlobalSection(SolutionConfigurationPlatforms) = preSolution
		Debug|Any CPU = Debug|Any CPU
		Release|Any CPU = Release|Any CPU
	EndGlobalSection
	GlobalSection(ProjectConfigurationPlatforms) = postSolution
		{C49BF39C-0378-49EE-8662-3B4F064E4E7B}.Debug|Any CPU.ActiveCfg = Debug|Any CPU
		{C49BF39C-0378-49EE-8662-3B4F064E4E7B}.Debug|Any CPU.Build.0 = Debug|Any CPU
		{C49BF39C-0378-49EE-8662-3B4F064E4E7B}.Release|Any CPU.ActiveCfg = Release|Any CPU
		{C49BF39C-0378-49EE-8662-3B4F064E4E7B}.Release|Any CPU.Build.0 = Release|Any CPU
	EndGlobalSection
	GlobalSection(SolutionProperties) = preSolution
		HideSolutionNode = FALSE
	EndGlobalSection
	GlobalSection(ExtensibilityGlobals) = postSolution
		SolutionGuid = {16E19AFA-5854-49ED-A91A-3F0D55332CB8}
	EndGlobalSection
EndGlobal
