
Microsoft Visual Studio Solution File, Format Version 12.00
# Visual Studio Version 16
VisualStudioVersion = 16.0.29123.88
MinimumVisualStudioVersion = 10.0.40219.1
Project("{FAE04EC0-301F-11D3-BF4B-00C04F79EFBC}") = "BibliotecaAnimal", "BibliotecaAnimal.csproj", "{9C6B0B73-1046-4126-92E5-FB4234F7EDC0}"
EndProject
Global
	GlobalSection(SolutionConfigurationPlatforms) = preSolution
		Debug|Any CPU = Debug|Any CPU
		Release|Any CPU = Release|Any CPU
	EndGlobalSection
	GlobalSection(ProjectConfigurationPlatforms) = postSolution
		{9C6B0B73-1046-4126-92E5-FB4234F7EDC0}.Debug|Any CPU.ActiveCfg = Debug|Any CPU
		{9C6B0B73-1046-4126-92E5-FB4234F7EDC0}.Debug|Any CPU.Build.0 = Debug|Any CPU
		{9C6B0B73-1046-4126-92E5-FB4234F7EDC0}.Release|Any CPU.ActiveCfg = Release|Any CPU
		{9C6B0B73-1046-4126-92E5-FB4234F7EDC0}.Release|Any CPU.Build.0 = Release|Any CPU
	EndGlobalSection
	GlobalSection(SolutionProperties) = preSolution
		HideSolutionNode = FALSE
	EndGlobalSection
	GlobalSection(ExtensibilityGlobals) = postSolution
		SolutionGuid = {01CB1225-21DE-45F8-8BD2-D3FFA60AEBBF}
	EndGlobalSection
EndGlobal
