
Microsoft Visual Studio Solution File, Format Version 12.00
# Visual Studio Version 16
VisualStudioVersion = 16.0.29020.237
MinimumVisualStudioVersion = 10.0.40219.1
Project("{FAE04EC0-301F-11D3-BF4B-00C04F79EFBC}") = "Sistemaaluguelcarro", "Sistemaaluguelcarro.csproj", "{78D01979-427F-4F78-A6B4-5F0BE8E9B6A8}"
EndProject
Global
	GlobalSection(SolutionConfigurationPlatforms) = preSolution
		Debug|Any CPU = Debug|Any CPU
		Release|Any CPU = Release|Any CPU
	EndGlobalSection
	GlobalSection(ProjectConfigurationPlatforms) = postSolution
		{78D01979-427F-4F78-A6B4-5F0BE8E9B6A8}.Debug|Any CPU.ActiveCfg = Debug|Any CPU
		{78D01979-427F-4F78-A6B4-5F0BE8E9B6A8}.Debug|Any CPU.Build.0 = Debug|Any CPU
		{78D01979-427F-4F78-A6B4-5F0BE8E9B6A8}.Release|Any CPU.ActiveCfg = Release|Any CPU
		{78D01979-427F-4F78-A6B4-5F0BE8E9B6A8}.Release|Any CPU.Build.0 = Release|Any CPU
	EndGlobalSection
	GlobalSection(SolutionProperties) = preSolution
		HideSolutionNode = FALSE
	EndGlobalSection
	GlobalSection(ExtensibilityGlobals) = postSolution
		SolutionGuid = {E2D3B458-5367-4496-98B6-359AAC422090}
	EndGlobalSection
EndGlobal
