
Microsoft Visual Studio Solution File, Format Version 12.00
# Visual Studio Version 16
VisualStudioVersion = 16.0.29102.190
MinimumVisualStudioVersion = 10.0.40219.1
Project("{FAE04EC0-301F-11D3-BF4B-00C04F79EFBC}") = "CriacaoDeListaCompact", "CriacaoDeListaCompact.csproj", "{D70F81D5-1D88-41CD-AECE-3C642139C97E}"
EndProject
Project("{FAE04EC0-301F-11D3-BF4B-00C04F79EFBC}") = "UsandoBibliotecaDeLista", "..\UsandoBibliotecaDeLista\UsandoBibliotecaDeLista.csproj", "{AB0E705F-BFBA-4E15-B02F-5C27636A2DF9}"
EndProject
Global
	GlobalSection(SolutionConfigurationPlatforms) = preSolution
		Debug|Any CPU = Debug|Any CPU
		Release|Any CPU = Release|Any CPU
	EndGlobalSection
	GlobalSection(ProjectConfigurationPlatforms) = postSolution
		{D70F81D5-1D88-41CD-AECE-3C642139C97E}.Debug|Any CPU.ActiveCfg = Debug|Any CPU
		{D70F81D5-1D88-41CD-AECE-3C642139C97E}.Debug|Any CPU.Build.0 = Debug|Any CPU
		{D70F81D5-1D88-41CD-AECE-3C642139C97E}.Release|Any CPU.ActiveCfg = Release|Any CPU
		{D70F81D5-1D88-41CD-AECE-3C642139C97E}.Release|Any CPU.Build.0 = Release|Any CPU
		{AB0E705F-BFBA-4E15-B02F-5C27636A2DF9}.Debug|Any CPU.ActiveCfg = Debug|Any CPU
		{AB0E705F-BFBA-4E15-B02F-5C27636A2DF9}.Debug|Any CPU.Build.0 = Debug|Any CPU
		{AB0E705F-BFBA-4E15-B02F-5C27636A2DF9}.Release|Any CPU.ActiveCfg = Release|Any CPU
		{AB0E705F-BFBA-4E15-B02F-5C27636A2DF9}.Release|Any CPU.Build.0 = Release|Any CPU
	EndGlobalSection
	GlobalSection(SolutionProperties) = preSolution
		HideSolutionNode = FALSE
	EndGlobalSection
	GlobalSection(ExtensibilityGlobals) = postSolution
		SolutionGuid = {25BB69EE-9D28-4F41-A8ED-E953F556E356}
	EndGlobalSection
EndGlobal
