
Microsoft Visual Studio Solution File, Format Version 12.00
# Visual Studio Version 16
VisualStudioVersion = 16.0.29020.237
MinimumVisualStudioVersion = 10.0.40219.1
Project("{FAE04EC0-301F-11D3-BF4B-00C04F79EFBC}") = "Praticando lista", "Praticando lista.csproj", "{01230067-0B0E-4D75-9BB3-3ED0533BAA08}"
EndProject
Global
	GlobalSection(SolutionConfigurationPlatforms) = preSolution
		Debug|Any CPU = Debug|Any CPU
		Release|Any CPU = Release|Any CPU
	EndGlobalSection
	GlobalSection(ProjectConfigurationPlatforms) = postSolution
		{01230067-0B0E-4D75-9BB3-3ED0533BAA08}.Debug|Any CPU.ActiveCfg = Debug|Any CPU
		{01230067-0B0E-4D75-9BB3-3ED0533BAA08}.Debug|Any CPU.Build.0 = Debug|Any CPU
		{01230067-0B0E-4D75-9BB3-3ED0533BAA08}.Release|Any CPU.ActiveCfg = Release|Any CPU
		{01230067-0B0E-4D75-9BB3-3ED0533BAA08}.Release|Any CPU.Build.0 = Release|Any CPU
	EndGlobalSection
	GlobalSection(SolutionProperties) = preSolution
		HideSolutionNode = FALSE
	EndGlobalSection
	GlobalSection(ExtensibilityGlobals) = postSolution
		SolutionGuid = {8C73C127-1F22-4F6E-9422-C15B5B8241A0}
	EndGlobalSection
EndGlobal
