
Microsoft Visual Studio Solution File, Format Version 12.00
# Visual Studio Version 16
VisualStudioVersion = 16.0.29102.190
MinimumVisualStudioVersion = 10.0.40219.1
Project("{FAE04EC0-301F-11D3-BF4B-00C04F79EFBC}") = "WpfApp", "WpfApp.csproj", "{BC35C442-7453-4348-986F-DFF3C33380E7}"
EndProject
Global
	GlobalSection(SolutionConfigurationPlatforms) = preSolution
		Debug|Any CPU = Debug|Any CPU
		Release|Any CPU = Release|Any CPU
	EndGlobalSection
	GlobalSection(ProjectConfigurationPlatforms) = postSolution
		{BC35C442-7453-4348-986F-DFF3C33380E7}.Debug|Any CPU.ActiveCfg = Debug|Any CPU
		{BC35C442-7453-4348-986F-DFF3C33380E7}.Debug|Any CPU.Build.0 = Debug|Any CPU
		{BC35C442-7453-4348-986F-DFF3C33380E7}.Release|Any CPU.ActiveCfg = Release|Any CPU
		{BC35C442-7453-4348-986F-DFF3C33380E7}.Release|Any CPU.Build.0 = Release|Any CPU
	EndGlobalSection
	GlobalSection(SolutionProperties) = preSolution
		HideSolutionNode = FALSE
	EndGlobalSection
	GlobalSection(ExtensibilityGlobals) = postSolution
		SolutionGuid = {C2BD870D-DEF5-4E00-88E6-9AA1A1A3D932}
	EndGlobalSection
EndGlobal
