
Microsoft Visual Studio Solution File, Format Version 12.00
# Visual Studio Version 16
VisualStudioVersion = 16.0.29102.190
MinimumVisualStudioVersion = 10.0.40219.1
Project("{FAE04EC0-301F-11D3-BF4B-00C04F79EFBC}") = "WebApi", "WebApi.csproj", "{CED3B1AD-ADEF-4B06-BC2C-55106182002D}"
EndProject
Global
	GlobalSection(SolutionConfigurationPlatforms) = preSolution
		Debug|Any CPU = Debug|Any CPU
		Release|Any CPU = Release|Any CPU
	EndGlobalSection
	GlobalSection(ProjectConfigurationPlatforms) = postSolution
		{CED3B1AD-ADEF-4B06-BC2C-55106182002D}.Debug|Any CPU.ActiveCfg = Debug|Any CPU
		{CED3B1AD-ADEF-4B06-BC2C-55106182002D}.Debug|Any CPU.Build.0 = Debug|Any CPU
		{CED3B1AD-ADEF-4B06-BC2C-55106182002D}.Release|Any CPU.ActiveCfg = Release|Any CPU
		{CED3B1AD-ADEF-4B06-BC2C-55106182002D}.Release|Any CPU.Build.0 = Release|Any CPU
	EndGlobalSection
	GlobalSection(SolutionProperties) = preSolution
		HideSolutionNode = FALSE
	EndGlobalSection
	GlobalSection(ExtensibilityGlobals) = postSolution
		SolutionGuid = {863AA4AD-2701-490C-94DF-19BD04526667}
	EndGlobalSection
EndGlobal
